
Microsoft Visual Studio Solution File, Format Version 12.00
# Visual Studio Version 17
VisualStudioVersion = 17.5.33516.290
MinimumVisualStudioVersion = 10.0.40219.1
Project("{FAE04EC0-301F-11D3-BF4B-00C04F79EFBC}") = "SD_FOV_Settings_Mod", "SD_FOV_Settings_Mod\SD_FOV_Settings_Mod.csproj", "{9A15BAE6-A88D-4F11-A2AA-C6F09BE11FED}"
EndProject
Global
	GlobalSection(SolutionConfigurationPlatforms) = preSolution
		Debug|Any CPU = Debug|Any CPU
		Release|Any CPU = Release|Any CPU
	EndGlobalSection
	GlobalSection(ProjectConfigurationPlatforms) = postSolution
		{9A15BAE6-A88D-4F11-A2AA-C6F09BE11FED}.Debug|Any CPU.ActiveCfg = Debug|Any CPU
		{9A15BAE6-A88D-4F11-A2AA-C6F09BE11FED}.Debug|Any CPU.Build.0 = Debug|Any CPU
		{9A15BAE6-A88D-4F11-A2AA-C6F09BE11FED}.Release|Any CPU.ActiveCfg = Release|Any CPU
		{9A15BAE6-A88D-4F11-A2AA-C6F09BE11FED}.Release|Any CPU.Build.0 = Release|Any CPU
	EndGlobalSection
	GlobalSection(SolutionProperties) = preSolution
		HideSolutionNode = FALSE
	EndGlobalSection
	GlobalSection(ExtensibilityGlobals) = postSolution
		SolutionGuid = {2513FA4D-18F5-4C22-B439-874B381EFB93}
	EndGlobalSection
EndGlobal
